
Microsoft Visual Studio Solution File, Format Version 12.00
# Visual Studio Version 17
VisualStudioVersion = 17.11.35312.102
MinimumVisualStudioVersion = 10.0.40219.1
Project("{FAE04EC0-301F-11D3-BF4B-00C04F79EFBC}") = "FileUploaderTutorial", "FileUploaderTutorial\FileUploaderTutorial.csproj", "{8F9D1C5C-A50D-4743-BBE9-BB778AFC44D5}"
EndProject
Project("{FAE04EC0-301F-11D3-BF4B-00C04F79EFBC}") = "EventTrackerTutorial", "EventTrackerTutorial\EventTrackerTutorial.csproj", "{956633B7-FC57-4BCA-B150-AD5C4C520E43}"
EndProject
Project("{FAE04EC0-301F-11D3-BF4B-00C04F79EFBC}") = "PasswordEncryptionTutorial", "PasswordEncryptionTutorial\PasswordEncryptionTutorial.csproj", "{67E4B31E-26B8-4834-9B3A-E892D93C9BAA}"
EndProject
Project("{FAE04EC0-301F-11D3-BF4B-00C04F79EFBC}") = "WebSocketsTutorial", "WebSocketsTutorial\WebSocketsTutorial.csproj", "{510F8C64-F4F5-4649-AD20-FB5CFC3C8FD0}"
EndProject
Project("{FAE04EC0-301F-11D3-BF4B-00C04F79EFBC}") = "SteganographyTutorial", "SteganographyTutorial\SteganographyTutorial.csproj", "{B9903B62-4A84-4E43-B28E-6CBEA7678F52}"
EndProject
Project("{FAE04EC0-301F-11D3-BF4B-00C04F79EFBC}") = "SendersTutorial", "SendersTutorial\SendersTutorial.csproj", "{93D01529-039E-464C-88DE-2357FA47ED26}"
EndProject
Project("{FAE04EC0-301F-11D3-BF4B-00C04F79EFBC}") = "AITutorial", "AITutorial\AITutorial.csproj", "{982A7611-1AAF-49F7-BC77-2DBF530F07EE}"
EndProject
Project("{FAE04EC0-301F-11D3-BF4B-00C04F79EFBC}") = "UserManagementTutorial", "UserManagementTutorial\UserManagementTutorial.csproj", "{4A295C7D-6633-474F-A6D0-AA7857A4A915}"
EndProject
Project("{2150E333-8FDC-42A3-9474-1A3956D46DE8}") = "Solution Items", "Solution Items", "{5CFA0780-D48F-46C3-926E-9DA39F22AA7B}"
	ProjectSection(SolutionItems) = preProject
		LICENSE.txt = LICENSE.txt
		README.md = README.md
	EndProjectSection
EndProject
Project("{FAE04EC0-301F-11D3-BF4B-00C04F79EFBC}") = "ErrorHandlingTutorial", "ErrorHandlingTutorial\ErrorHandlingTutorial.csproj", "{309DF762-C3A5-46E2-A36B-BD535C572AEF}"
EndProject
Global
	GlobalSection(SolutionConfigurationPlatforms) = preSolution
		Debug|Any CPU = Debug|Any CPU
		Release|Any CPU = Release|Any CPU
	EndGlobalSection
	GlobalSection(ProjectConfigurationPlatforms) = postSolution
		{8F9D1C5C-A50D-4743-BBE9-BB778AFC44D5}.Debug|Any CPU.ActiveCfg = Debug|Any CPU
		{8F9D1C5C-A50D-4743-BBE9-BB778AFC44D5}.Debug|Any CPU.Build.0 = Debug|Any CPU
		{8F9D1C5C-A50D-4743-BBE9-BB778AFC44D5}.Release|Any CPU.ActiveCfg = Release|Any CPU
		{8F9D1C5C-A50D-4743-BBE9-BB778AFC44D5}.Release|Any CPU.Build.0 = Release|Any CPU
		{956633B7-FC57-4BCA-B150-AD5C4C520E43}.Debug|Any CPU.ActiveCfg = Debug|Any CPU
		{956633B7-FC57-4BCA-B150-AD5C4C520E43}.Debug|Any CPU.Build.0 = Debug|Any CPU
		{956633B7-FC57-4BCA-B150-AD5C4C520E43}.Release|Any CPU.ActiveCfg = Release|Any CPU
		{956633B7-FC57-4BCA-B150-AD5C4C520E43}.Release|Any CPU.Build.0 = Release|Any CPU
		{67E4B31E-26B8-4834-9B3A-E892D93C9BAA}.Debug|Any CPU.ActiveCfg = Debug|Any CPU
		{67E4B31E-26B8-4834-9B3A-E892D93C9BAA}.Debug|Any CPU.Build.0 = Debug|Any CPU
		{67E4B31E-26B8-4834-9B3A-E892D93C9BAA}.Release|Any CPU.ActiveCfg = Release|Any CPU
		{67E4B31E-26B8-4834-9B3A-E892D93C9BAA}.Release|Any CPU.Build.0 = Release|Any CPU
		{510F8C64-F4F5-4649-AD20-FB5CFC3C8FD0}.Debug|Any CPU.ActiveCfg = Debug|Any CPU
		{510F8C64-F4F5-4649-AD20-FB5CFC3C8FD0}.Debug|Any CPU.Build.0 = Debug|Any CPU
		{510F8C64-F4F5-4649-AD20-FB5CFC3C8FD0}.Release|Any CPU.ActiveCfg = Release|Any CPU
		{510F8C64-F4F5-4649-AD20-FB5CFC3C8FD0}.Release|Any CPU.Build.0 = Release|Any CPU
		{B9903B62-4A84-4E43-B28E-6CBEA7678F52}.Debug|Any CPU.ActiveCfg = Debug|Any CPU
		{B9903B62-4A84-4E43-B28E-6CBEA7678F52}.Debug|Any CPU.Build.0 = Debug|Any CPU
		{B9903B62-4A84-4E43-B28E-6CBEA7678F52}.Release|Any CPU.ActiveCfg = Release|Any CPU
		{B9903B62-4A84-4E43-B28E-6CBEA7678F52}.Release|Any CPU.Build.0 = Release|Any CPU
		{93D01529-039E-464C-88DE-2357FA47ED26}.Debug|Any CPU.ActiveCfg = Debug|Any CPU
		{93D01529-039E-464C-88DE-2357FA47ED26}.Debug|Any CPU.Build.0 = Debug|Any CPU
		{93D01529-039E-464C-88DE-2357FA47ED26}.Release|Any CPU.ActiveCfg = Release|Any CPU
		{93D01529-039E-464C-88DE-2357FA47ED26}.Release|Any CPU.Build.0 = Release|Any CPU
		{982A7611-1AAF-49F7-BC77-2DBF530F07EE}.Debug|Any CPU.ActiveCfg = Debug|Any CPU
		{982A7611-1AAF-49F7-BC77-2DBF530F07EE}.Debug|Any CPU.Build.0 = Debug|Any CPU
		{982A7611-1AAF-49F7-BC77-2DBF530F07EE}.Release|Any CPU.ActiveCfg = Release|Any CPU
		{982A7611-1AAF-49F7-BC77-2DBF530F07EE}.Release|Any CPU.Build.0 = Release|Any CPU
		{4A295C7D-6633-474F-A6D0-AA7857A4A915}.Debug|Any CPU.ActiveCfg = Debug|Any CPU
		{4A295C7D-6633-474F-A6D0-AA7857A4A915}.Debug|Any CPU.Build.0 = Debug|Any CPU
		{4A295C7D-6633-474F-A6D0-AA7857A4A915}.Release|Any CPU.ActiveCfg = Release|Any CPU
		{4A295C7D-6633-474F-A6D0-AA7857A4A915}.Release|Any CPU.Build.0 = Release|Any CPU
		{309DF762-C3A5-46E2-A36B-BD535C572AEF}.Debug|Any CPU.ActiveCfg = Debug|Any CPU
		{309DF762-C3A5-46E2-A36B-BD535C572AEF}.Debug|Any CPU.Build.0 = Debug|Any CPU
		{309DF762-C3A5-46E2-A36B-BD535C572AEF}.Release|Any CPU.ActiveCfg = Release|Any CPU
		{309DF762-C3A5-46E2-A36B-BD535C572AEF}.Release|Any CPU.Build.0 = Release|Any CPU
	EndGlobalSection
	GlobalSection(SolutionProperties) = preSolution
		HideSolutionNode = FALSE
	EndGlobalSection
	GlobalSection(ExtensibilityGlobals) = postSolution
		SolutionGuid = {47B00DBA-659D-4AA4-9B53-500E1AF6213E}
	EndGlobalSection
EndGlobal
